
Microsoft Visual Studio Solution File, Format Version 12.00
# Visual Studio Version 16
VisualStudioVersion = 16.0.31728.308
MinimumVisualStudioVersion = 10.0.40219.1
Project("{FAE04EC0-301F-11D3-BF4B-00C04F79EFBC}") = "SampleSumHttpTrigger", "SampleFunctionApp\SampleSumHttpTrigger.csproj", "{70C478F1-7772-404F-BB3D-003F7683FDDF}"
EndProject
Project("{FAE04EC0-301F-11D3-BF4B-00C04F79EFBC}") = "SampleTimerTrigger", "SampleTimerTrigger\SampleTimerTrigger.csproj", "{19972AB2-BD08-4B60-A8CA-1DB04A1A73E3}"
EndProject
Global
	GlobalSection(SolutionConfigurationPlatforms) = preSolution
		Debug|Any CPU = Debug|Any CPU
		Release|Any CPU = Release|Any CPU
	EndGlobalSection
	GlobalSection(ProjectConfigurationPlatforms) = postSolution
		{70C478F1-7772-404F-BB3D-003F7683FDDF}.Debug|Any CPU.ActiveCfg = Debug|Any CPU
		{70C478F1-7772-404F-BB3D-003F7683FDDF}.Debug|Any CPU.Build.0 = Debug|Any CPU
		{70C478F1-7772-404F-BB3D-003F7683FDDF}.Release|Any CPU.ActiveCfg = Release|Any CPU
		{70C478F1-7772-404F-BB3D-003F7683FDDF}.Release|Any CPU.Build.0 = Release|Any CPU
		{19972AB2-BD08-4B60-A8CA-1DB04A1A73E3}.Debug|Any CPU.ActiveCfg = Debug|Any CPU
		{19972AB2-BD08-4B60-A8CA-1DB04A1A73E3}.Debug|Any CPU.Build.0 = Debug|Any CPU
		{19972AB2-BD08-4B60-A8CA-1DB04A1A73E3}.Release|Any CPU.ActiveCfg = Release|Any CPU
		{19972AB2-BD08-4B60-A8CA-1DB04A1A73E3}.Release|Any CPU.Build.0 = Release|Any CPU
	EndGlobalSection
	GlobalSection(SolutionProperties) = preSolution
		HideSolutionNode = FALSE
	EndGlobalSection
	GlobalSection(ExtensibilityGlobals) = postSolution
		SolutionGuid = {D4F2CB31-C1C1-4445-B1E4-C5A23E53F88A}
	EndGlobalSection
EndGlobal
